{
    "requires": true,
    "lockfileVersion": 1,
    "dependencies": {
        "zui": {
            "version": "1.9.1",
            "resolved": "https://registry.npmjs.org/zui/-/zui-1.9.1.tgz",
            "integrity": "sha512-GgYGDh4/0pOufDaFtfpday3Tzst+qziZT8glAyggyoHCmHxQzPnwFiYZTUIh4UQbB+Ese3KLVTnhX5tyOw+VfQ=="
        }
    }
}
